{
  "object": {
    "pins": [
      {
        "package": "ReversiLogics",
        "repositoryURL": "https://github.com/koher/reversi-logics-swift.git",
        "state": {
          "branch": "master",
          "revision": "a9d6bc588605bbd8f481f000754863e24c5a060a",
          "version": null
        }
      },
      {
        "package": "SwiftyReversi",
        "repositoryURL": "https://github.com/koher/swifty-reversi.git",
        "state": {
          "branch": null,
          "revision": "b8b904ad881bcbbc1d3a9c6e0a697085a0e9dfa6",
          "version": "0.2.0-beta"
        }
      }
    ]
  },
  "version": 1
}
