{
  "object": {
    "pins": [
      {
        "package": "ReversiLogics",
        "repositoryURL": "https://github.com/koher/reversi-logics-swift.git",
        "state": {
          "branch": "master",
          "revision": "4bb20a9d5daa068c6e30126474432de96b583aa4",
          "version": null
        }
      },
      {
        "package": "SwiftyReversi",
        "repositoryURL": "https://github.com/koher/swifty-reversi.git",
        "state": {
          "branch": null,
          "revision": "aa628b46aa99e3fd5203aa02e72d62d7552d1fb6",
          "version": "0.1.0"
        }
      }
    ]
  },
  "version": 1
}
